{
  "version": 4,
  "terraform_version": "1.0.9",
  "serial": 5,
  "lineage": "39589d23-1248-c6d4-3dbb-3ccd4967fe91",
  "outputs": {},
  "resources": [
    {
      "mode": "managed",
      "type": "aws_lightsail_instance",
      "name": "redbox",
      "provider": "provider[\"registry.terraform.io/hashicorp/aws\"]",
      "instances": [
        {
          "schema_version": 0,
          "attributes": {
            "arn": "arn:aws:lightsail:us-east-1:013234536651:Instance/638586dc-a41d-4796-957f-91feaaa6cd1d",
            "availability_zone": "us-east-1a",
            "blueprint_id": "amazon_linux_2",
            "bundle_id": "micro_2_0",
            "cpu_count": 1,
            "created_at": "2021-10-14T00:27:03Z",
            "id": "redbox",
            "ipv6_address": "2600:1f18:14ad:5500:194c:fc9b:c50d:5d32",
            "ipv6_addresses": [
              "2600:1f18:14ad:5500:194c:fc9b:c50d:5d32"
            ],
            "is_static_ip": false,
            "key_pair_name": "pentest-key",
            "name": "redbox",
            "private_ip_address": "172.26.7.78",
            "public_ip_address": "54.167.115.130",
            "ram_size": 1,
            "tags": {
              "foo": "bar"
            },
            "tags_all": {
              "foo": "bar"
            },
            "user_data": null,
            "username": "ec2-user"
          },
          "sensitive_attributes": [],
          "private": "bnVsbA=="
        }
      ]
    },
    {
      "mode": "managed",
      "type": "aws_lightsail_key_pair",
      "name": "pentest-key",
      "provider": "provider[\"registry.terraform.io/hashicorp/aws\"]",
      "instances": [
        {
          "schema_version": 0,
          "attributes": {
            "arn": "arn:aws:lightsail:us-east-1:013234536651:KeyPair/454ff6ca-168e-42dd-a817-b1dd619e4bc1",
            "encrypted_fingerprint": null,
            "encrypted_private_key": null,
            "fingerprint": "e2:64:df:60:94:26:0e:57:6c:bd:25:bb:de:29:3e:db",
            "id": "pentest-key",
            "name": "pentest-key",
            "name_prefix": null,
            "pgp_key": null,
            "private_key": null,
            "public_key": "ssh-rsa AAAAB3NzaC1yc2EAAAADAQABAAABgQCkGXsxXrpFkXLi9clzhH+gEj4j9isFzhJDXmgzxQvAUuU/1nhsVN/zmhFIRFsnHzYQqA0pEGqzDpmU53XK2Q95/TucxSKucz/cyE1C66+fc051k22B7tneOepWosoAoTRs3QRx29lZM0etEQg2S1RDdYwwQxL7/ZGgeAW8tjNAniGrPXKa1eob9wm/VFJss7gv5LWxszRXd93lLKFB9+bf7g6/zK73XkLUXPljPFpQ7glqIdVUuRBFa3S3mQNLDF75WAcCX65UhGNpl3cfCRKXwme30NEcK0q5JhQ23b/s8NH+x7cGTTSMx7h3wZ7o4ZyzCRNsL3OovD/uwb1RC6nDCmFZ1ea+hkJjISFrw8EVVK3FdKt+cZfHlFwA+EShn/MkapSWKZlQJFWMqMVMARvFSG4t4BHo7lNiCnpzoqjrL44cueG3D/kIPuExDosxHdt+dfMJWcRz6KdD80F+1WTWVJ+94gk96EjUSB2oODCDlv0tEnUttX1PSlkGx3/asy8= jason@Jason-FITS.attlocal.net\n"
          },
          "sensitive_attributes": [],
          "private": "bnVsbA=="
        }
      ]
    }
  ]
}
